# This file is automatically @generated by Cargo.
# It is not intended for manual editing.
[[package]]
name = "aho-corasick"
version = "0.6.4"
source = "registry+https://github.com/rust-lang/crates.io-index"
checksum = "d6531d44de723825aa81398a6415283229725a00fa30713812ab9323faa82fc4"
dependencies = [
 "memchr",
]

[[package]]
name = "ansi_term"
version = "0.11.0"
source = "registry+https://github.com/rust-lang/crates.io-index"
checksum = "ee49baf6cb617b853aa8d93bf420db2383fab46d314482ca2803b40d5fde979b"
dependencies = [
 "winapi",
]

[[package]]
name = "atty"
version = "0.2.10"
source = "registry+https://github.com/rust-lang/crates.io-index"
checksum = "2fc4a1aa4c24c0718a250f0681885c1af91419d242f29eb8f2ab28502d80dbd1"
dependencies = [
 "libc",
 "termion",
 "winapi",
]

[[package]]
name = "backtrace"
version = "0.3.8"
source = "registry+https://github.com/rust-lang/crates.io-index"
checksum = "dbdd17cd962b570302f5297aea8648d5923e22e555c2ed2d8b2e34eca646bf6d"
dependencies = [
 "backtrace-sys",
 "cfg-if",
 "libc",
 "rustc-demangle",
 "winapi",
]

[[package]]
name = "backtrace-sys"
version = "0.1.23"
source = "registry+https://github.com/rust-lang/crates.io-index"
checksum = "bff67d0c06556c0b8e6b5f090f0eac52d950d9dfd1d35ba04e4ca3543eaf6a7e"
dependencies = [
 "cc",
 "libc",
]

[[package]]
name = "bitflags"
version = "1.0.3"
source = "registry+https://github.com/rust-lang/crates.io-index"
checksum = "d0c54bb8f454c567f21197eefcdbf5679d0bd99f2ddbe52e84c77061952e6789"

[[package]]
name = "byteorder"
version = "1.2.6"
source = "registry+https://github.com/rust-lang/crates.io-index"
checksum = "90492c5858dd7d2e78691cfb89f90d273a2800fc11d98f60786e5d87e2f83781"

[[package]]
name = "cc"
version = "1.0.17"
source = "registry+https://github.com/rust-lang/crates.io-index"
checksum = "49ec142f5768efb5b7622aebc3fdbdbb8950a4b9ba996393cb76ef7466e8747d"

[[package]]
name = "cfg-if"
version = "0.1.3"
source = "registry+https://github.com/rust-lang/crates.io-index"
checksum = "405216fd8fe65f718daa7102ea808a946b6ce40c742998fbfd3463645552de18"

[[package]]
name = "clap"
version = "2.31.2"
source = "registry+https://github.com/rust-lang/crates.io-index"
checksum = "f0f16b89cbb9ee36d87483dc939fe9f1e13c05898d56d7b230a0d4dff033a536"
dependencies = [
 "ansi_term",
 "atty",
 "bitflags",
 "strsim",
 "textwrap",
 "unicode-width",
 "vec_map",
]

[[package]]
name = "colored"
version = "1.6.1"
source = "registry+https://github.com/rust-lang/crates.io-index"
checksum = "dc0a60679001b62fb628c4da80e574b9645ab4646056d7c9018885efffe45533"
dependencies = [
 "lazy_static",
]

[[package]]
name = "failure"
version = "0.1.8"
source = "registry+https://github.com/rust-lang/crates.io-index"
checksum = "d32e9bd16cc02eae7db7ef620b392808b89f6a5e16bb3497d159c6b92a0f4f86"
dependencies = [
 "backtrace",
 "failure_derive",
]

[[package]]
name = "failure_derive"
version = "0.1.8"
source = "registry+https://github.com/rust-lang/crates.io-index"
checksum = "aa4da3c766cd7a0db8242e326e9e4e081edd567072893ed320008189715366a4"
dependencies = [
 "proc-macro2 1.0.24",
 "quote 1.0.7",
 "syn 1.0.50",
 "synstructure",
]

[[package]]
name = "flexlint"
version = "0.2.7-pre"
dependencies = [
 "colored",
 "failure",
 "glob",
 "regex",
 "serde",
 "serde_derive",
 "structopt",
 "term",
 "toml",
]

[[package]]
name = "glob"
version = "0.2.11"
source = "registry+https://github.com/rust-lang/crates.io-index"
checksum = "8be18de09a56b60ed0edf84bc9df007e30040691af7acd1c41874faac5895bfb"

[[package]]
name = "lazy_static"
version = "1.0.1"
source = "registry+https://github.com/rust-lang/crates.io-index"
checksum = "e6412c5e2ad9584b0b8e979393122026cdd6d2a80b933f890dcd694ddbe73739"

[[package]]
name = "libc"
version = "0.2.42"
source = "registry+https://github.com/rust-lang/crates.io-index"
checksum = "b685088df2b950fccadf07a7187c8ef846a959c142338a48f9dc0b94517eb5f1"

[[package]]
name = "memchr"
version = "2.0.1"
source = "registry+https://github.com/rust-lang/crates.io-index"
checksum = "796fba70e76612589ed2ce7f45282f5af869e0fdd7cc6199fa1aa1f1d591ba9d"
dependencies = [
 "libc",
]

[[package]]
name = "proc-macro2"
version = "0.4.20"
source = "registry+https://github.com/rust-lang/crates.io-index"
checksum = "3d7b7eaaa90b4a90a932a9ea6666c95a389e424eff347f0f793979289429feee"
dependencies = [
 "unicode-xid 0.1.0",
]

[[package]]
name = "proc-macro2"
version = "1.0.24"
source = "registry+https://github.com/rust-lang/crates.io-index"
checksum = "1e0704ee1a7e00d7bb417d0770ea303c1bccbabf0ef1667dae92b5967f5f8a71"
dependencies = [
 "unicode-xid 0.2.1",
]

[[package]]
name = "quote"
version = "0.6.3"
source = "registry+https://github.com/rust-lang/crates.io-index"
checksum = "e44651a0dc4cdd99f71c83b561e221f714912d11af1a4dff0631f923d53af035"
dependencies = [
 "proc-macro2 0.4.20",
]

[[package]]
name = "quote"
version = "1.0.7"
source = "registry+https://github.com/rust-lang/crates.io-index"
checksum = "aa563d17ecb180e500da1cfd2b028310ac758de548efdd203e18f283af693f37"
dependencies = [
 "proc-macro2 1.0.24",
]

[[package]]
name = "redox_syscall"
version = "0.1.40"
source = "registry+https://github.com/rust-lang/crates.io-index"
checksum = "c214e91d3ecf43e9a4e41e578973adeb14b474f2bee858742d127af75a0112b1"

[[package]]
name = "redox_termios"
version = "0.1.1"
source = "registry+https://github.com/rust-lang/crates.io-index"
checksum = "7e891cfe48e9100a70a3b6eb652fef28920c117d366339687bd5576160db0f76"
dependencies = [
 "redox_syscall",
]

[[package]]
name = "regex"
version = "1.0.0"
source = "registry+https://github.com/rust-lang/crates.io-index"
checksum = "75ecf88252dce580404a22444fc7d626c01815debba56a7f4f536772a5ff19d3"
dependencies = [
 "aho-corasick",
 "memchr",
 "regex-syntax",
 "thread_local",
 "utf8-ranges",
]

[[package]]
name = "regex-syntax"
version = "0.6.1"
source = "registry+https://github.com/rust-lang/crates.io-index"
checksum = "05b06a75f5217880fc5e905952a42750bf44787e56a6c6d6852ed0992f5e1d54"
dependencies = [
 "ucd-util",
]

[[package]]
name = "rustc-demangle"
version = "0.1.8"
source = "registry+https://github.com/rust-lang/crates.io-index"
checksum = "76d7ba1feafada44f2d38eed812bd2489a03c0f5abb975799251518b68848649"

[[package]]
name = "serde"
version = "1.0.117"
source = "registry+https://github.com/rust-lang/crates.io-index"
checksum = "b88fa983de7720629c9387e9f517353ed404164b1e482c970a90c1a4aaf7dc1a"

[[package]]
name = "serde_derive"
version = "1.0.66"
source = "registry+https://github.com/rust-lang/crates.io-index"
checksum = "0a90213fa7e0f5eac3f7afe2d5ff6b088af515052cc7303bd68c7e3b91a3fb79"
dependencies = [
 "proc-macro2 0.4.20",
 "quote 0.6.3",
 "syn 0.14.9",
]

[[package]]
name = "strsim"
version = "0.7.0"
source = "registry+https://github.com/rust-lang/crates.io-index"
checksum = "bb4f380125926a99e52bc279241539c018323fab05ad6368b56f93d9369ff550"

[[package]]
name = "structopt"
version = "0.2.10"
source = "registry+https://github.com/rust-lang/crates.io-index"
checksum = "d8e9ad6a11096cbecdcca0cc6aa403fdfdbaeda2fb3323a39c98e6a166a1e45a"
dependencies = [
 "clap",
 "structopt-derive",
]

[[package]]
name = "structopt-derive"
version = "0.2.10"
source = "registry+https://github.com/rust-lang/crates.io-index"
checksum = "4cbce8ccdc62166bd594c14396a3242bf94c337a51dbfa9be1076dd74b3db2af"
dependencies = [
 "proc-macro2 0.4.20",
 "quote 0.6.3",
 "syn 0.14.9",
]

[[package]]
name = "syn"
version = "0.14.9"
source = "registry+https://github.com/rust-lang/crates.io-index"
checksum = "261ae9ecaa397c42b960649561949d69311f08eeaea86a65696e6e46517cf741"
dependencies = [
 "proc-macro2 0.4.20",
 "quote 0.6.3",
 "unicode-xid 0.1.0",
]

[[package]]
name = "syn"
version = "1.0.50"
source = "registry+https://github.com/rust-lang/crates.io-index"
checksum = "443b4178719c5a851e1bde36ce12da21d74a0e60b4d982ec3385a933c812f0f6"
dependencies = [
 "proc-macro2 1.0.24",
 "quote 1.0.7",
 "unicode-xid 0.2.1",
]

[[package]]
name = "synstructure"
version = "0.12.4"
source = "registry+https://github.com/rust-lang/crates.io-index"
checksum = "b834f2d66f734cb897113e34aaff2f1ab4719ca946f9a7358dba8f8064148701"
dependencies = [
 "proc-macro2 1.0.24",
 "quote 1.0.7",
 "syn 1.0.50",
 "unicode-xid 0.2.1",
]

[[package]]
name = "term"
version = "0.5.1"
source = "registry+https://github.com/rust-lang/crates.io-index"
checksum = "5e6b677dd1e8214ea1ef4297f85dbcbed8e8cdddb561040cc998ca2551c37561"
dependencies = [
 "byteorder",
 "winapi",
]

[[package]]
name = "termion"
version = "1.5.1"
source = "registry+https://github.com/rust-lang/crates.io-index"
checksum = "689a3bdfaab439fd92bc87df5c4c78417d3cbe537487274e9b0b2dce76e92096"
dependencies = [
 "libc",
 "redox_syscall",
 "redox_termios",
]

[[package]]
name = "textwrap"
version = "0.9.0"
source = "registry+https://github.com/rust-lang/crates.io-index"
checksum = "c0b59b6b4b44d867f1370ef1bd91bfb262bf07bf0ae65c202ea2fbc16153b693"
dependencies = [
 "unicode-width",
]

[[package]]
name = "thread_local"
version = "0.3.5"
source = "registry+https://github.com/rust-lang/crates.io-index"
checksum = "279ef31c19ededf577bfd12dfae728040a21f635b06a24cd670ff510edd38963"
dependencies = [
 "lazy_static",
 "unreachable",
]

[[package]]
name = "toml"
version = "0.5.7"
source = "registry+https://github.com/rust-lang/crates.io-index"
checksum = "75cf45bb0bef80604d001caaec0d09da99611b3c0fd39d3080468875cdb65645"
dependencies = [
 "serde",
]

[[package]]
name = "ucd-util"
version = "0.1.1"
source = "registry+https://github.com/rust-lang/crates.io-index"
checksum = "fd2be2d6639d0f8fe6cdda291ad456e23629558d466e2789d2c3e9892bda285d"

[[package]]
name = "unicode-width"
version = "0.1.5"
source = "registry+https://github.com/rust-lang/crates.io-index"
checksum = "882386231c45df4700b275c7ff55b6f3698780a650026380e72dabe76fa46526"

[[package]]
name = "unicode-xid"
version = "0.1.0"
source = "registry+https://github.com/rust-lang/crates.io-index"
checksum = "fc72304796d0818e357ead4e000d19c9c174ab23dc11093ac919054d20a6a7fc"

[[package]]
name = "unicode-xid"
version = "0.2.1"
source = "registry+https://github.com/rust-lang/crates.io-index"
checksum = "f7fe0bb3479651439c9112f72b6c505038574c9fbb575ed1bf3b797fa39dd564"

[[package]]
name = "unreachable"
version = "1.0.0"
source = "registry+https://github.com/rust-lang/crates.io-index"
checksum = "382810877fe448991dfc7f0dd6e3ae5d58088fd0ea5e35189655f84e6814fa56"
dependencies = [
 "void",
]

[[package]]
name = "utf8-ranges"
version = "1.0.0"
source = "registry+https://github.com/rust-lang/crates.io-index"
checksum = "662fab6525a98beff2921d7f61a39e7d59e0b425ebc7d0d9e66d316e55124122"

[[package]]
name = "vec_map"
version = "0.8.1"
source = "registry+https://github.com/rust-lang/crates.io-index"
checksum = "05c78687fb1a80548ae3250346c3db86a80a7cdd77bda190189f2d0a0987c81a"

[[package]]
name = "void"
version = "1.0.2"
source = "registry+https://github.com/rust-lang/crates.io-index"
checksum = "6a02e4885ed3bc0f2de90ea6dd45ebcbb66dacffe03547fadbb0eeae2770887d"

[[package]]
name = "winapi"
version = "0.3.5"
source = "registry+https://github.com/rust-lang/crates.io-index"
checksum = "773ef9dcc5f24b7d850d0ff101e542ff24c3b090a9768e03ff889fdef41f00fd"
dependencies = [
 "winapi-i686-pc-windows-gnu",
 "winapi-x86_64-pc-windows-gnu",
]

[[package]]
name = "winapi-i686-pc-windows-gnu"
version = "0.4.0"
source = "registry+https://github.com/rust-lang/crates.io-index"
checksum = "ac3b87c63620426dd9b991e5ce0329eff545bccbbb34f3be09ff6fb6ab51b7b6"

[[package]]
name = "winapi-x86_64-pc-windows-gnu"
version = "0.4.0"
source = "registry+https://github.com/rust-lang/crates.io-index"
checksum = "712e227841d057c1ee1cd2fb22fa7e5a5461ae8e48fa2ca79ec42cfc1931183f"
